
Microsoft Visual Studio Solution File, Format Version 12.00
# Visual Studio 15
VisualStudioVersion = 15.0.28307.421
MinimumVisualStudioVersion = 10.0.40219.1
Project("{8BC9CEB8-8B4A-11D0-8D11-00A0C91BC942}") = "c pro callender2", "c pro callender2\c pro callender2.vcxproj", "{AEE42417-CEE9-4864-AD00-CF655CE3B50E}"
EndProject
Global
	GlobalSection(SolutionConfigurationPlatforms) = preSolution
		Debug|x64 = Debug|x64
		Debug|x86 = Debug|x86
		Release|x64 = Release|x64
		Release|x86 = Release|x86
	EndGlobalSection
	GlobalSection(ProjectConfigurationPlatforms) = postSolution
		{AEE42417-CEE9-4864-AD00-CF655CE3B50E}.Debug|x64.ActiveCfg = Debug|x64
		{AEE42417-CEE9-4864-AD00-CF655CE3B50E}.Debug|x64.Build.0 = Debug|x64
		{AEE42417-CEE9-4864-AD00-CF655CE3B50E}.Debug|x86.ActiveCfg = Debug|Win32
		{AEE42417-CEE9-4864-AD00-CF655CE3B50E}.Debug|x86.Build.0 = Debug|Win32
		{AEE42417-CEE9-4864-AD00-CF655CE3B50E}.Release|x64.ActiveCfg = Release|x64
		{AEE42417-CEE9-4864-AD00-CF655CE3B50E}.Release|x64.Build.0 = Release|x64
		{AEE42417-CEE9-4864-AD00-CF655CE3B50E}.Release|x86.ActiveCfg = Release|Win32
		{AEE42417-CEE9-4864-AD00-CF655CE3B50E}.Release|x86.Build.0 = Release|Win32
	EndGlobalSection
	GlobalSection(SolutionProperties) = preSolution
		HideSolutionNode = FALSE
	EndGlobalSection
	GlobalSection(ExtensibilityGlobals) = postSolution
		SolutionGuid = {ECF40582-CF1B-451B-B112-8038A806BE08}
	EndGlobalSection
EndGlobal
