
Microsoft Visual Studio Solution File, Format Version 12.00
# Visual Studio 15
VisualStudioVersion = 15.0.28307.421
MinimumVisualStudioVersion = 10.0.40219.1
Project("{8BC9CEB8-8B4A-11D0-8D11-00A0C91BC942}") = "dasom fan2", "dasom fan2\dasom fan2.vcxproj", "{869E30F9-95C0-43C8-A8CC-E90FB3FEA52C}"
EndProject
Global
	GlobalSection(SolutionConfigurationPlatforms) = preSolution
		Debug|x64 = Debug|x64
		Debug|x86 = Debug|x86
		Release|x64 = Release|x64
		Release|x86 = Release|x86
	EndGlobalSection
	GlobalSection(ProjectConfigurationPlatforms) = postSolution
		{869E30F9-95C0-43C8-A8CC-E90FB3FEA52C}.Debug|x64.ActiveCfg = Debug|x64
		{869E30F9-95C0-43C8-A8CC-E90FB3FEA52C}.Debug|x64.Build.0 = Debug|x64
		{869E30F9-95C0-43C8-A8CC-E90FB3FEA52C}.Debug|x86.ActiveCfg = Debug|Win32
		{869E30F9-95C0-43C8-A8CC-E90FB3FEA52C}.Debug|x86.Build.0 = Debug|Win32
		{869E30F9-95C0-43C8-A8CC-E90FB3FEA52C}.Release|x64.ActiveCfg = Release|x64
		{869E30F9-95C0-43C8-A8CC-E90FB3FEA52C}.Release|x64.Build.0 = Release|x64
		{869E30F9-95C0-43C8-A8CC-E90FB3FEA52C}.Release|x86.ActiveCfg = Release|Win32
		{869E30F9-95C0-43C8-A8CC-E90FB3FEA52C}.Release|x86.Build.0 = Release|Win32
	EndGlobalSection
	GlobalSection(SolutionProperties) = preSolution
		HideSolutionNode = FALSE
	EndGlobalSection
	GlobalSection(ExtensibilityGlobals) = postSolution
		SolutionGuid = {5449421D-96A5-40BA-92A2-00E57603D4FD}
	EndGlobalSection
EndGlobal
