
Microsoft Visual Studio Solution File, Format Version 12.00
# Visual Studio 15
VisualStudioVersion = 15.0.28307.421
MinimumVisualStudioVersion = 10.0.40219.1
Project("{8BC9CEB8-8B4A-11D0-8D11-00A0C91BC942}") = "c pro sum hard1", "c pro sum hard1\c pro sum hard1.vcxproj", "{FD1C6D45-70DB-4EEC-8F57-95957A296774}"
EndProject
Global
	GlobalSection(SolutionConfigurationPlatforms) = preSolution
		Debug|x64 = Debug|x64
		Debug|x86 = Debug|x86
		Release|x64 = Release|x64
		Release|x86 = Release|x86
	EndGlobalSection
	GlobalSection(ProjectConfigurationPlatforms) = postSolution
		{FD1C6D45-70DB-4EEC-8F57-95957A296774}.Debug|x64.ActiveCfg = Debug|x64
		{FD1C6D45-70DB-4EEC-8F57-95957A296774}.Debug|x64.Build.0 = Debug|x64
		{FD1C6D45-70DB-4EEC-8F57-95957A296774}.Debug|x86.ActiveCfg = Debug|Win32
		{FD1C6D45-70DB-4EEC-8F57-95957A296774}.Debug|x86.Build.0 = Debug|Win32
		{FD1C6D45-70DB-4EEC-8F57-95957A296774}.Release|x64.ActiveCfg = Release|x64
		{FD1C6D45-70DB-4EEC-8F57-95957A296774}.Release|x64.Build.0 = Release|x64
		{FD1C6D45-70DB-4EEC-8F57-95957A296774}.Release|x86.ActiveCfg = Release|Win32
		{FD1C6D45-70DB-4EEC-8F57-95957A296774}.Release|x86.Build.0 = Release|Win32
	EndGlobalSection
	GlobalSection(SolutionProperties) = preSolution
		HideSolutionNode = FALSE
	EndGlobalSection
	GlobalSection(ExtensibilityGlobals) = postSolution
		SolutionGuid = {06BA8DFF-C893-4A6B-8E59-DBF8AA3896BE}
	EndGlobalSection
EndGlobal
