
Microsoft Visual Studio Solution File, Format Version 12.00
# Visual Studio 15
VisualStudioVersion = 15.0.28307.421
MinimumVisualStudioVersion = 10.0.40219.1
Project("{8BC9CEB8-8B4A-11D0-8D11-00A0C91BC942}") = "Project2", "Project2\Project2.vcxproj", "{D3475185-B718-46C6-BC7A-2EA7AC60BC07}"
EndProject
Global
	GlobalSection(SolutionConfigurationPlatforms) = preSolution
		Debug|x64 = Debug|x64
		Debug|x86 = Debug|x86
		Release|x64 = Release|x64
		Release|x86 = Release|x86
	EndGlobalSection
	GlobalSection(ProjectConfigurationPlatforms) = postSolution
		{D3475185-B718-46C6-BC7A-2EA7AC60BC07}.Debug|x64.ActiveCfg = Debug|x64
		{D3475185-B718-46C6-BC7A-2EA7AC60BC07}.Debug|x64.Build.0 = Debug|x64
		{D3475185-B718-46C6-BC7A-2EA7AC60BC07}.Debug|x86.ActiveCfg = Debug|Win32
		{D3475185-B718-46C6-BC7A-2EA7AC60BC07}.Debug|x86.Build.0 = Debug|Win32
		{D3475185-B718-46C6-BC7A-2EA7AC60BC07}.Release|x64.ActiveCfg = Release|x64
		{D3475185-B718-46C6-BC7A-2EA7AC60BC07}.Release|x64.Build.0 = Release|x64
		{D3475185-B718-46C6-BC7A-2EA7AC60BC07}.Release|x86.ActiveCfg = Release|Win32
		{D3475185-B718-46C6-BC7A-2EA7AC60BC07}.Release|x86.Build.0 = Release|Win32
	EndGlobalSection
	GlobalSection(SolutionProperties) = preSolution
		HideSolutionNode = FALSE
	EndGlobalSection
	GlobalSection(ExtensibilityGlobals) = postSolution
		SolutionGuid = {34D8E02A-CDEB-446A-868B-7E935752A782}
	EndGlobalSection
EndGlobal
