
Microsoft Visual Studio Solution File, Format Version 12.00
# Visual Studio 15
VisualStudioVersion = 15.0.28307.421
MinimumVisualStudioVersion = 10.0.40219.1
Project("{8BC9CEB8-8B4A-11D0-8D11-00A0C91BC942}") = "HONG SUBJECT", "HONG SUBJECT\HONG SUBJECT.vcxproj", "{EA1B6B14-4C52-4836-99D0-11791C1C39C4}"
EndProject
Global
	GlobalSection(SolutionConfigurationPlatforms) = preSolution
		Debug|x64 = Debug|x64
		Debug|x86 = Debug|x86
		Release|x64 = Release|x64
		Release|x86 = Release|x86
	EndGlobalSection
	GlobalSection(ProjectConfigurationPlatforms) = postSolution
		{EA1B6B14-4C52-4836-99D0-11791C1C39C4}.Debug|x64.ActiveCfg = Debug|x64
		{EA1B6B14-4C52-4836-99D0-11791C1C39C4}.Debug|x64.Build.0 = Debug|x64
		{EA1B6B14-4C52-4836-99D0-11791C1C39C4}.Debug|x86.ActiveCfg = Debug|Win32
		{EA1B6B14-4C52-4836-99D0-11791C1C39C4}.Debug|x86.Build.0 = Debug|Win32
		{EA1B6B14-4C52-4836-99D0-11791C1C39C4}.Release|x64.ActiveCfg = Release|x64
		{EA1B6B14-4C52-4836-99D0-11791C1C39C4}.Release|x64.Build.0 = Release|x64
		{EA1B6B14-4C52-4836-99D0-11791C1C39C4}.Release|x86.ActiveCfg = Release|Win32
		{EA1B6B14-4C52-4836-99D0-11791C1C39C4}.Release|x86.Build.0 = Release|Win32
	EndGlobalSection
	GlobalSection(SolutionProperties) = preSolution
		HideSolutionNode = FALSE
	EndGlobalSection
	GlobalSection(ExtensibilityGlobals) = postSolution
		SolutionGuid = {AF09AD2A-F41A-4D3B-9738-0BDE19DA933A}
	EndGlobalSection
EndGlobal
