
Microsoft Visual Studio Solution File, Format Version 12.00
# Visual Studio 15
VisualStudioVersion = 15.0.28307.421
MinimumVisualStudioVersion = 10.0.40219.1
Project("{8BC9CEB8-8B4A-11D0-8D11-00A0C91BC942}") = "너구리.c", "너구리.c\너구리.c.vcxproj", "{C545A1B2-8B9F-4ACB-8323-961B83BDBFC4}"
EndProject
Global
	GlobalSection(SolutionConfigurationPlatforms) = preSolution
		Debug|x64 = Debug|x64
		Debug|x86 = Debug|x86
		Release|x64 = Release|x64
		Release|x86 = Release|x86
	EndGlobalSection
	GlobalSection(ProjectConfigurationPlatforms) = postSolution
		{C545A1B2-8B9F-4ACB-8323-961B83BDBFC4}.Debug|x64.ActiveCfg = Debug|x64
		{C545A1B2-8B9F-4ACB-8323-961B83BDBFC4}.Debug|x64.Build.0 = Debug|x64
		{C545A1B2-8B9F-4ACB-8323-961B83BDBFC4}.Debug|x86.ActiveCfg = Debug|Win32
		{C545A1B2-8B9F-4ACB-8323-961B83BDBFC4}.Debug|x86.Build.0 = Debug|Win32
		{C545A1B2-8B9F-4ACB-8323-961B83BDBFC4}.Release|x64.ActiveCfg = Release|x64
		{C545A1B2-8B9F-4ACB-8323-961B83BDBFC4}.Release|x64.Build.0 = Release|x64
		{C545A1B2-8B9F-4ACB-8323-961B83BDBFC4}.Release|x86.ActiveCfg = Release|Win32
		{C545A1B2-8B9F-4ACB-8323-961B83BDBFC4}.Release|x86.Build.0 = Release|Win32
	EndGlobalSection
	GlobalSection(SolutionProperties) = preSolution
		HideSolutionNode = FALSE
	EndGlobalSection
	GlobalSection(ExtensibilityGlobals) = postSolution
		SolutionGuid = {9B92AAF1-2347-4029-A854-0B8B67561418}
	EndGlobalSection
EndGlobal
